// !$*UTF8*$!
{
	archiveVersion = 1;
	classes = {
	};
	objectVersion = 50;
	objects = {

/* Begin PBXBuildFile section */
		BD335E56207BFDDA000F7423 /* AppDelegate.swift in Sources */ = {isa = PBXBuildFile; fileRef = BD335E55207BFDDA000F7423 /* AppDelegate.swift */; };
		BD335E58207BFDDA000F7423 /* ViewController.swift in Sources */ = {isa = PBXBuildFile; fileRef = BD335E57207BFDDA000F7423 /* ViewController.swift */; };
		BD335E5B207BFDDA000F7423 /* Main.storyboard in Resources */ = {isa = PBXBuildFile; fileRef = BD335E59207BFDDA000F7423 /* Main.storyboard */; };
		BD335E5D207BFDDC000F7423 /* Assets.xcassets in Resources */ = {isa = PBXBuildFile; fileRef = BD335E5C207BFDDC000F7423 /* Assets.xcassets */; };
		BD335E60207BFDDC000F7423 /* LaunchScreen.storyboard in Resources */ = {isa = PBXBuildFile; fileRef = BD335E5E207BFDDC000F7423 /* LaunchScreen.storyboard */; };
		BD335E6B207BFDDC000F7423 /* EmotionsRecognitionCoreMLTests.swift in Sources */ = {isa = PBXBuildFile; fileRef = BD335E6A207BFDDC000F7423 /* EmotionsRecognitionCoreMLTests.swift */; };
		BD335E76207BFDDC000F7423 /* EmotionsRecognitionCoreMLUITests.swift in Sources */ = {isa = PBXBuildFile; fileRef = BD335E75207BFDDC000F7423 /* EmotionsRecognitionCoreMLUITests.swift */; };
/* End PBXBuildFile section */

/* Begin PBXContainerItemProxy section */
		BD335E67207BFDDC000F7423 /* PBXContainerItemProxy */ = {
			isa = PBXContainerItemProxy;
			containerPortal = BD335E4A207BFDDA000F7423 /* Project object */;
			proxyType = 1;
			remoteGlobalIDString = BD335E51207BFDDA000F7423;
			remoteInfo = EmotionsRecognitionCoreML;
		};
		BD335E72207BFDDC000F7423 /* PBXContainerItemProxy */ = {
			isa = PBXContainerItemProxy;
			containerPortal = BD335E4A207BFDDA000F7423 /* Project object */;
			proxyType = 1;
			remoteGlobalIDString = BD335E51207BFDDA000F7423;
			remoteInfo = EmotionsRecognitionCoreML;
		};
/* End PBXContainerItemProxy section */

/* Begin PBXFileReference section */
		BD335E52207BFDDA000F7423 /* EmotionsRecognitionCoreML.app */ = {isa = PBXFileReference; explicitFileType = wrapper.application; includeInIndex = 0; path = EmotionsRecognitionCoreML.app; sourceTree = BUILT_PRODUCTS_DIR; };
		BD335E55207BFDDA000F7423 /* AppDelegate.swift */ = {isa = PBXFileReference; lastKnownFileType = sourcecode.swift; path = AppDelegate.swift; sourceTree = "<group>"; };
		BD335E57207BFDDA000F7423 /* ViewController.swift */ = {isa = PBXFileReference; lastKnownFileType = sourcecode.swift; path = ViewController.swift; sourceTree = "<group>"; };
		BD335E5A207BFDDA000F7423 /* Base */ = {isa = PBXFileReference; lastKnownFileType = file.storyboard; name = Base; path = Base.lproj/Main.storyboard; sourceTree = "<group>"; };
		BD335E5C207BFDDC000F7423 /* Assets.xcassets */ = {isa = PBXFileReference; lastKnownFileType = folder.assetcatalog; path = Assets.xcassets; sourceTree = "<group>"; };
		BD335E5F207BFDDC000F7423 /* Base */ = {isa = PBXFileReference; lastKnownFileType = file.storyboard; name = Base; path = Base.lproj/LaunchScreen.storyboard; sourceTree = "<group>"; };
		BD335E61207BFDDC000F7423 /* Info.plist */ = {isa = PBXFileReference; lastKnownFileType = text.plist.xml; path = Info.plist; sourceTree = "<group>"; };
		BD335E66207BFDDC000F7423 /* EmotionsRecognitionCoreMLTests.xctest */ = {isa = PBXFileReference; explicitFileType = wrapper.cfbundle; includeInIndex = 0; path = EmotionsRecognitionCoreMLTests.xctest; sourceTree = BUILT_PRODUCTS_DIR; };
		BD335E6A207BFDDC000F7423 /* EmotionsRecognitionCoreMLTests.swift */ = {isa = PBXFileReference; lastKnownFileType = sourcecode.swift; path = EmotionsRecognitionCoreMLTests.swift; sourceTree = "<group>"; };
		BD335E6C207BFDDC000F7423 /* Info.plist */ = {isa = PBXFileReference; lastKnownFileType = text.plist.xml; path = Info.plist; sourceTree = "<group>"; };
		BD335E71207BFDDC000F7423 /* EmotionsRecognitionCoreMLUITests.xctest */ = {isa = PBXFileReference; explicitFileType = wrapper.cfbundle; includeInIndex = 0; path = EmotionsRecognitionCoreMLUITests.xctest; sourceTree = BUILT_PRODUCTS_DIR; };
		BD335E75207BFDDC000F7423 /* EmotionsRecognitionCoreMLUITests.swift */ = {isa = PBXFileReference; lastKnownFileType = sourcecode.swift; path = EmotionsRecognitionCoreMLUITests.swift; sourceTree = "<group>"; };
		BD335E77207BFDDC000F7423 /* Info.plist */ = {isa = PBXFileReference; lastKnownFileType = text.plist.xml; path = Info.plist; sourceTree = "<group>"; };
/* End PBXFileReference section */

/* Begin PBXFrameworksBuildPhase section */
		BD335E4F207BFDDA000F7423 /* Frameworks */ = {
			isa = PBXFrameworksBuildPhase;
			buildActionMask = 2147483647;
			files = (
			);
			runOnlyForDeploymentPostprocessing = 0;
		};
		BD335E63207BFDDC000F7423 /* Frameworks */ = {
			isa = PBXFrameworksBuildPhase;
			buildActionMask = 2147483647;
			files = (
			);
			runOnlyForDeploymentPostprocessing = 0;
		};
		BD335E6E207BFDDC000F7423 /* Frameworks */ = {
			isa = PBXFrameworksBuildPhase;
			buildActionMask = 2147483647;
			files = (
			);
			runOnlyForDeploymentPostprocessing = 0;
		};
/* End PBXFrameworksBuildPhase section */

/* Begin PBXGroup section */
		BD335E49207BFDDA000F7423 = {
			isa = PBXGroup;
			children = (
				BD335E54207BFDDA000F7423 /* EmotionsRecognitionCoreML */,
				BD335E69207BFDDC000F7423 /* EmotionsRecognitionCoreMLTests */,
				BD335E74207BFDDC000F7423 /* EmotionsRecognitionCoreMLUITests */,
				BD335E53207BFDDA000F7423 /* Products */,
			);
			sourceTree = "<group>";
		};
		BD335E53207BFDDA000F7423 /* Products */ = {
			isa = PBXGroup;
			children = (
				BD335E52207BFDDA000F7423 /* EmotionsRecognitionCoreML.app */,
				BD335E66207BFDDC000F7423 /* EmotionsRecognitionCoreMLTests.xctest */,
				BD335E71207BFDDC000F7423 /* EmotionsRecognitionCoreMLUITests.xctest */,
			);
			name = Products;
			sourceTree = "<group>";
		};
		BD335E54207BFDDA000F7423 /* EmotionsRecognitionCoreML */ = {
			isa = PBXGroup;
			children = (
				BD335E55207BFDDA000F7423 /* AppDelegate.swift */,
				BD335E57207BFDDA000F7423 /* ViewController.swift */,
				BD335E59207BFDDA000F7423 /* Main.storyboard */,
				BD335E5C207BFDDC000F7423 /* Assets.xcassets */,
				BD335E5E207BFDDC000F7423 /* LaunchScreen.storyboard */,
				BD335E61207BFDDC000F7423 /* Info.plist */,
			);
			path = EmotionsRecognitionCoreML;
			sourceTree = "<group>";
		};
		BD335E69207BFDDC000F7423 /* EmotionsRecognitionCoreMLTests */ = {
			isa = PBXGroup;
			children = (
				BD335E6A207BFDDC000F7423 /* EmotionsRecognitionCoreMLTests.swift */,
				BD335E6C207BFDDC000F7423 /* Info.plist */,
			);
			path = EmotionsRecognitionCoreMLTests;
			sourceTree = "<group>";
		};
		BD335E74207BFDDC000F7423 /* EmotionsRecognitionCoreMLUITests */ = {
			isa = PBXGroup;
			children = (
				BD335E75207BFDDC000F7423 /* EmotionsRecognitionCoreMLUITests.swift */,
				BD335E77207BFDDC000F7423 /* Info.plist */,
			);
			path = EmotionsRecognitionCoreMLUITests;
			sourceTree = "<group>";
		};
/* End PBXGroup section */

/* Begin PBXNativeTarget section */
		BD335E51207BFDDA000F7423 /* EmotionsRecognitionCoreML */ = {
			isa = PBXNativeTarget;
			buildConfigurationList = BD335E7A207BFDDC000F7423 /* Build configuration list for PBXNativeTarget "EmotionsRecognitionCoreML" */;
			buildPhases = (
				BD335E4E207BFDDA000F7423 /* Sources */,
				BD335E4F207BFDDA000F7423 /* Frameworks */,
				BD335E50207BFDDA000F7423 /* Resources */,
			);
			buildRules = (
			);
			dependencies = (
			);
			name = EmotionsRecognitionCoreML;
			productName = EmotionsRecognitionCoreML;
			productReference = BD335E52207BFDDA000F7423 /* EmotionsRecognitionCoreML.app */;
			productType = "com.apple.product-type.application";
		};
		BD335E65207BFDDC000F7423 /* EmotionsRecognitionCoreMLTests */ = {
			isa = PBXNativeTarget;
			buildConfigurationList = BD335E7D207BFDDC000F7423 /* Build configuration list for PBXNativeTarget "EmotionsRecognitionCoreMLTests" */;
			buildPhases = (
				BD335E62207BFDDC000F7423 /* Sources */,
				BD335E63207BFDDC000F7423 /* Frameworks */,
				BD335E64207BFDDC000F7423 /* Resources */,
			);
			buildRules = (
			);
			dependencies = (
				BD335E68207BFDDC000F7423 /* PBXTargetDependency */,
			);
			name = EmotionsRecognitionCoreMLTests;
			productName = EmotionsRecognitionCoreMLTests;
			productReference = BD335E66207BFDDC000F7423 /* EmotionsRecognitionCoreMLTests.xctest */;
			productType = "com.apple.product-type.bundle.unit-test";
		};
		BD335E70207BFDDC000F7423 /* EmotionsRecognitionCoreMLUITests */ = {
			isa = PBXNativeTarget;
			buildConfigurationList = BD335E80207BFDDC000F7423 /* Build configuration list for PBXNativeTarget "EmotionsRecognitionCoreMLUITests" */;
			buildPhases = (
				BD335E6D207BFDDC000F7423 /* Sources */,
				BD335E6E207BFDDC000F7423 /* Frameworks */,
				BD335E6F207BFDDC000F7423 /* Resources */,
			);
			buildRules = (
			);
			dependencies = (
				BD335E73207BFDDC000F7423 /* PBXTargetDependency */,
			);
			name = EmotionsRecognitionCoreMLUITests;
			productName = EmotionsRecognitionCoreMLUITests;
			productReference = BD335E71207BFDDC000F7423 /* EmotionsRecognitionCoreMLUITests.xctest */;
			productType = "com.apple.product-type.bundle.ui-testing";
		};
/* End PBXNativeTarget section */

/* Begin PBXProject section */
		BD335E4A207BFDDA000F7423 /* Project object */ = {
			isa = PBXProject;
			attributes = {
				LastSwiftUpdateCheck = 0930;
				LastUpgradeCheck = 0930;
				ORGANIZATIONNAME = "Guilherme Paciulli";
				TargetAttributes = {
					BD335E51207BFDDA000F7423 = {
						CreatedOnToolsVersion = 9.3;
					};
					BD335E65207BFDDC000F7423 = {
						CreatedOnToolsVersion = 9.3;
						TestTargetID = BD335E51207BFDDA000F7423;
					};
					BD335E70207BFDDC000F7423 = {
						CreatedOnToolsVersion = 9.3;
						TestTargetID = BD335E51207BFDDA000F7423;
					};
				};
			};
			buildConfigurationList = BD335E4D207BFDDA000F7423 /* Build configuration list for PBXProject "EmotionsRecognitionCoreML" */;
			compatibilityVersion = "Xcode 9.3";
			developmentRegion = en;
			hasScannedForEncodings = 0;
			knownRegions = (
				en,
				Base,
			);
			mainGroup = BD335E49207BFDDA000F7423;
			productRefGroup = BD335E53207BFDDA000F7423 /* Products */;
			projectDirPath = "";
			projectRoot = "";
			targets = (
				BD335E51207BFDDA000F7423 /* EmotionsRecognitionCoreML */,
				BD335E65207BFDDC000F7423 /* EmotionsRecognitionCoreMLTests */,
				BD335E70207BFDDC000F7423 /* EmotionsRecognitionCoreMLUITests */,
			);
		};
/* End PBXProject section */

/* Begin PBXResourcesBuildPhase section */
		BD335E50207BFDDA000F7423 /* Resources */ = {
			isa = PBXResourcesBuildPhase;
			buildActionMask = 2147483647;
			files = (
				BD335E60207BFDDC000F7423 /* LaunchScreen.storyboard in Resources */,
				BD335E5D207BFDDC000F7423 /* Assets.xcassets in Resources */,
				BD335E5B207BFDDA000F7423 /* Main.storyboard in Resources */,
			);
			runOnlyForDeploymentPostprocessing = 0;
		};
		BD335E64207BFDDC000F7423 /* Resources */ = {
			isa = PBXResourcesBuildPhase;
			buildActionMask = 2147483647;
			files = (
			);
			runOnlyForDeploymentPostprocessing = 0;
		};
		BD335E6F207BFDDC000F7423 /* Resources */ = {
			isa = PBXResourcesBuildPhase;
			buildActionMask = 2147483647;
			files = (
			);
			runOnlyForDeploymentPostprocessing = 0;
		};
/* End PBXResourcesBuildPhase section */

/* Begin PBXSourcesBuildPhase section */
		BD335E4E207BFDDA000F7423 /* Sources */ = {
			isa = PBXSourcesBuildPhase;
			buildActionMask = 2147483647;
			files = (
				BD335E58207BFDDA000F7423 /* ViewController.swift in Sources */,
				BD335E56207BFDDA000F7423 /* AppDelegate.swift in Sources */,
			);
			runOnlyForDeploymentPostprocessing = 0;
		};
		BD335E62207BFDDC000F7423 /* Sources */ = {
			isa = PBXSourcesBuildPhase;
			buildActionMask = 2147483647;
			files = (
				BD335E6B207BFDDC000F7423 /* EmotionsRecognitionCoreMLTests.swift in Sources */,
			);
			runOnlyForDeploymentPostprocessing = 0;
		};
		BD335E6D207BFDDC000F7423 /* Sources */ = {
			isa = PBXSourcesBuildPhase;
			buildActionMask = 2147483647;
			files = (
				BD335E76207BFDDC000F7423 /* EmotionsRecognitionCoreMLUITests.swift in Sources */,
			);
			runOnlyForDeploymentPostprocessing = 0;
		};
/* End PBXSourcesBuildPhase section */

/* Begin PBXTargetDependency section */
		BD335E68207BFDDC000F7423 /* PBXTargetDependency */ = {
			isa = PBXTargetDependency;
			target = BD335E51207BFDDA000F7423 /* EmotionsRecognitionCoreML */;
			targetProxy = BD335E67207BFDDC000F7423 /* PBXContainerItemProxy */;
		};
		BD335E73207BFDDC000F7423 /* PBXTargetDependency */ = {
			isa = PBXTargetDependency;
			target = BD335E51207BFDDA000F7423 /* EmotionsRecognitionCoreML */;
			targetProxy = BD335E72207BFDDC000F7423 /* PBXContainerItemProxy */;
		};
/* End PBXTargetDependency section */

/* Begin PBXVariantGroup section */
		BD335E59207BFDDA000F7423 /* Main.storyboard */ = {
			isa = PBXVariantGroup;
			children = (
				BD335E5A207BFDDA000F7423 /* Base */,
			);
			name = Main.storyboard;
			sourceTree = "<group>";
		};
		BD335E5E207BFDDC000F7423 /* LaunchScreen.storyboard */ = {
			isa = PBXVariantGroup;
			children = (
				BD335E5F207BFDDC000F7423 /* Base */,
			);
			name = LaunchScreen.storyboard;
			sourceTree = "<group>";
		};
/* End PBXVariantGroup section */

/* Begin XCBuildConfiguration section */
		BD335E78207BFDDC000F7423 /* Debug */ = {
			isa = XCBuildConfiguration;
			buildSettings = {
				ALWAYS_SEARCH_USER_PATHS = NO;
				CLANG_ANALYZER_NONNULL = YES;
				CLANG_ANALYZER_NUMBER_OBJECT_CONVERSION = YES_AGGRESSIVE;
				CLANG_CXX_LANGUAGE_STANDARD = "gnu++14";
				CLANG_CXX_LIBRARY = "libc++";
				CLANG_ENABLE_MODULES = YES;
				CLANG_ENABLE_OBJC_ARC = YES;
				CLANG_ENABLE_OBJC_WEAK = YES;
				CLANG_WARN_BLOCK_CAPTURE_AUTORELEASING = YES;
				CLANG_WARN_BOOL_CONVERSION = YES;
				CLANG_WARN_COMMA = YES;
				CLANG_WARN_CONSTANT_CONVERSION = YES;
				CLANG_WARN_DEPRECATED_OBJC_IMPLEMENTATIONS = YES;
				CLANG_WARN_DIRECT_OBJC_ISA_USAGE = YES_ERROR;
				CLANG_WARN_DOCUMENTATION_COMMENTS = YES;
				CLANG_WARN_EMPTY_BODY = YES;
				CLANG_WARN_ENUM_CONVERSION = YES;
				CLANG_WARN_INFINITE_RECURSION = YES;
				CLANG_WARN_INT_CONVERSION = YES;
				CLANG_WARN_NON_LITERAL_NULL_CONVERSION = YES;
				CLANG_WARN_OBJC_IMPLICIT_RETAIN_SELF = YES;
				CLANG_WARN_OBJC_LITERAL_CONVERSION = YES;
				CLANG_WARN_OBJC_ROOT_CLASS = YES_ERROR;
				CLANG_WARN_RANGE_LOOP_ANALYSIS = YES;
				CLANG_WARN_STRICT_PROTOTYPES = YES;
				CLANG_WARN_SUSPICIOUS_MOVE = YES;
				CLANG_WARN_UNGUARDED_AVAILABILITY = YES_AGGRESSIVE;
				CLANG_WARN_UNREACHABLE_CODE = YES;
				CLANG_WARN__DUPLICATE_METHOD_MATCH = YES;
				CODE_SIGN_IDENTITY = "iPhone Developer";
				COPY_PHASE_STRIP = NO;
				DEBUG_INFORMATION_FORMAT = dwarf;
				ENABLE_STRICT_OBJC_MSGSEND = YES;
				ENABLE_TESTABILITY = YES;
				GCC_C_LANGUAGE_STANDARD = gnu11;
				GCC_DYNAMIC_NO_PIC = NO;
				GCC_NO_COMMON_BLOCKS = YES;
				GCC_OPTIMIZATION_LEVEL = 0;
				GCC_PREPROCESSOR_DEFINITIONS = (
					"DEBUG=1",
					"$(inherited)",
				);
				GCC_WARN_64_TO_32_BIT_CONVERSION = YES;
				GCC_WARN_ABOUT_RETURN_TYPE = YES_ERROR;
				GCC_WARN_UNDECLARED_SELECTOR = YES;
				GCC_WARN_UNINITIALIZED_AUTOS = YES_AGGRESSIVE;
				GCC_WARN_UNUSED_FUNCTION = YES;
				GCC_WARN_UNUSED_VARIABLE = YES;
				IPHONEOS_DEPLOYMENT_TARGET = 11.3;
				MTL_ENABLE_DEBUG_INFO = YES;
				ONLY_ACTIVE_ARCH = YES;
				SDKROOT = iphoneos;
				SWIFT_ACTIVE_COMPILATION_CONDITIONS = DEBUG;
				SWIFT_OPTIMIZATION_LEVEL = "-Onone";
			};
			name = Debug;
		};
		BD335E79207BFDDC000F7423 /* Release */ = {
			isa = XCBuildConfiguration;
			buildSettings = {
				ALWAYS_SEARCH_USER_PATHS = NO;
				CLANG_ANALYZER_NONNULL = YES;
				CLANG_ANALYZER_NUMBER_OBJECT_CONVERSION = YES_AGGRESSIVE;
				CLANG_CXX_LANGUAGE_STANDARD = "gnu++14";
				CLANG_CXX_LIBRARY = "libc++";
				CLANG_ENABLE_MODULES = YES;
				CLANG_ENABLE_OBJC_ARC = YES;
				CLANG_ENABLE_OBJC_WEAK = YES;
				CLANG_WARN_BLOCK_CAPTURE_AUTORELEASING = YES;
				CLANG_WARN_BOOL_CONVERSION = YES;
				CLANG_WARN_COMMA = YES;
				CLANG_WARN_CONSTANT_CONVERSION = YES;
				CLANG_WARN_DEPRECATED_OBJC_IMPLEMENTATIONS = YES;
				CLANG_WARN_DIRECT_OBJC_ISA_USAGE = YES_ERROR;
				CLANG_WARN_DOCUMENTATION_COMMENTS = YES;
				CLANG_WARN_EMPTY_BODY = YES;
				CLANG_WARN_ENUM_CONVERSION = YES;
				CLANG_WARN_INFINITE_RECURSION = YES;
				CLANG_WARN_INT_CONVERSION = YES;
				CLANG_WARN_NON_LITERAL_NULL_CONVERSION = YES;
				CLANG_WARN_OBJC_IMPLICIT_RETAIN_SELF = YES;
				CLANG_WARN_OBJC_LITERAL_CONVERSION = YES;
				CLANG_WARN_OBJC_ROOT_CLASS = YES_ERROR;
				CLANG_WARN_RANGE_LOOP_ANALYSIS = YES;
				CLANG_WARN_STRICT_PROTOTYPES = YES;
				CLANG_WARN_SUSPICIOUS_MOVE = YES;
				CLANG_WARN_UNGUARDED_AVAILABILITY = YES_AGGRESSIVE;
				CLANG_WARN_UNREACHABLE_CODE = YES;
				CLANG_WARN__DUPLICATE_METHOD_MATCH = YES;
				CODE_SIGN_IDENTITY = "iPhone Developer";
				COPY_PHASE_STRIP = NO;
				DEBUG_INFORMATION_FORMAT = "dwarf-with-dsym";
				ENABLE_NS_ASSERTIONS = NO;
				ENABLE_STRICT_OBJC_MSGSEND = YES;
				GCC_C_LANGUAGE_STANDARD = gnu11;
				GCC_NO_COMMON_BLOCKS = YES;
				GCC_WARN_64_TO_32_BIT_CONVERSION = YES;
				GCC_WARN_ABOUT_RETURN_TYPE = YES_ERROR;
				GCC_WARN_UNDECLARED_SELECTOR = YES;
				GCC_WARN_UNINITIALIZED_AUTOS = YES_AGGRESSIVE;
				GCC_WARN_UNUSED_FUNCTION = YES;
				GCC_WARN_UNUSED_VARIABLE = YES;
				IPHONEOS_DEPLOYMENT_TARGET = 11.3;
				MTL_ENABLE_DEBUG_INFO = NO;
				SDKROOT = iphoneos;
				SWIFT_COMPILATION_MODE = wholemodule;
				SWIFT_OPTIMIZATION_LEVEL = "-O";
				VALIDATE_PRODUCT = YES;
			};
			name = Release;
		};
		BD335E7B207BFDDC000F7423 /* Debug */ = {
			isa = XCBuildConfiguration;
			buildSettings = {
				ASSETCATALOG_COMPILER_APPICON_NAME = AppIcon;
				CODE_SIGN_STYLE = Automatic;
				DEVELOPMENT_TEAM = VLLH384AC4;
				INFOPLIST_FILE = EmotionsRecognitionCoreML/Info.plist;
				LD_RUNPATH_SEARCH_PATHS = (
					"$(inherited)",
					"@executable_path/Frameworks",
				);
				PRODUCT_BUNDLE_IDENTIFIER = br.mackmobile.Paciulli.EmotionsRecognitionCoreML;
				PRODUCT_NAME = "$(TARGET_NAME)";
				SWIFT_VERSION = 4.0;
				TARGETED_DEVICE_FAMILY = "1,2";
			};
			name = Debug;
		};
		BD335E7C207BFDDC000F7423 /* Release */ = {
			isa = XCBuildConfiguration;
			buildSettings = {
				ASSETCATALOG_COMPILER_APPICON_NAME = AppIcon;
				CODE_SIGN_STYLE = Automatic;
				DEVELOPMENT_TEAM = VLLH384AC4;
				INFOPLIST_FILE = EmotionsRecognitionCoreML/Info.plist;
				LD_RUNPATH_SEARCH_PATHS = (
					"$(inherited)",
					"@executable_path/Frameworks",
				);
				PRODUCT_BUNDLE_IDENTIFIER = br.mackmobile.Paciulli.EmotionsRecognitionCoreML;
				PRODUCT_NAME = "$(TARGET_NAME)";
				SWIFT_VERSION = 4.0;
				TARGETED_DEVICE_FAMILY = "1,2";
			};
			name = Release;
		};
		BD335E7E207BFDDC000F7423 /* Debug */ = {
			isa = XCBuildConfiguration;
			buildSettings = {
				ALWAYS_EMBED_SWIFT_STANDARD_LIBRARIES = YES;
				BUNDLE_LOADER = "$(TEST_HOST)";
				CODE_SIGN_STYLE = Automatic;
				DEVELOPMENT_TEAM = VLLH384AC4;
				INFOPLIST_FILE = EmotionsRecognitionCoreMLTests/Info.plist;
				LD_RUNPATH_SEARCH_PATHS = (
					"$(inherited)",
					"@executable_path/Frameworks",
					"@loader_path/Frameworks",
				);
				PRODUCT_BUNDLE_IDENTIFIER = br.mackmobile.Paciulli.EmotionsRecognitionCoreMLTests;
				PRODUCT_NAME = "$(TARGET_NAME)";
				SWIFT_VERSION = 4.0;
				TARGETED_DEVICE_FAMILY = "1,2";
				TEST_HOST = "$(BUILT_PRODUCTS_DIR)/EmotionsRecognitionCoreML.app/EmotionsRecognitionCoreML";
			};
			name = Debug;
		};
		BD335E7F207BFDDC000F7423 /* Release */ = {
			isa = XCBuildConfiguration;
			buildSettings = {
				ALWAYS_EMBED_SWIFT_STANDARD_LIBRARIES = YES;
				BUNDLE_LOADER = "$(TEST_HOST)";
				CODE_SIGN_STYLE = Automatic;
				DEVELOPMENT_TEAM = VLLH384AC4;
				INFOPLIST_FILE = EmotionsRecognitionCoreMLTests/Info.plist;
				LD_RUNPATH_SEARCH_PATHS = (
					"$(inherited)",
					"@executable_path/Frameworks",
					"@loader_path/Frameworks",
				);
				PRODUCT_BUNDLE_IDENTIFIER = br.mackmobile.Paciulli.EmotionsRecognitionCoreMLTests;
				PRODUCT_NAME = "$(TARGET_NAME)";
				SWIFT_VERSION = 4.0;
				TARGETED_DEVICE_FAMILY = "1,2";
				TEST_HOST = "$(BUILT_PRODUCTS_DIR)/EmotionsRecognitionCoreML.app/EmotionsRecognitionCoreML";
			};
			name = Release;
		};
		BD335E81207BFDDC000F7423 /* Debug */ = {
			isa = XCBuildConfiguration;
			buildSettings = {
				ALWAYS_EMBED_SWIFT_STANDARD_LIBRARIES = YES;
				CODE_SIGN_STYLE = Automatic;
				DEVELOPMENT_TEAM = VLLH384AC4;
				INFOPLIST_FILE = EmotionsRecognitionCoreMLUITests/Info.plist;
				LD_RUNPATH_SEARCH_PATHS = (
					"$(inherited)",
					"@executable_path/Frameworks",
					"@loader_path/Frameworks",
				);
				PRODUCT_BUNDLE_IDENTIFIER = br.mackmobile.Paciulli.EmotionsRecognitionCoreMLUITests;
				PRODUCT_NAME = "$(TARGET_NAME)";
				SWIFT_VERSION = 4.0;
				TARGETED_DEVICE_FAMILY = "1,2";
				TEST_TARGET_NAME = EmotionsRecognitionCoreML;
			};
			name = Debug;
		};
		BD335E82207BFDDC000F7423 /* Release */ = {
			isa = XCBuildConfiguration;
			buildSettings = {
				ALWAYS_EMBED_SWIFT_STANDARD_LIBRARIES = YES;
				CODE_SIGN_STYLE = Automatic;
				DEVELOPMENT_TEAM = VLLH384AC4;
				INFOPLIST_FILE = EmotionsRecognitionCoreMLUITests/Info.plist;
				LD_RUNPATH_SEARCH_PATHS = (
					"$(inherited)",
					"@executable_path/Frameworks",
					"@loader_path/Frameworks",
				);
				PRODUCT_BUNDLE_IDENTIFIER = br.mackmobile.Paciulli.EmotionsRecognitionCoreMLUITests;
				PRODUCT_NAME = "$(TARGET_NAME)";
				SWIFT_VERSION = 4.0;
				TARGETED_DEVICE_FAMILY = "1,2";
				TEST_TARGET_NAME = EmotionsRecognitionCoreML;
			};
			name = Release;
		};
/* End XCBuildConfiguration section */

/* Begin XCConfigurationList section */
		BD335E4D207BFDDA000F7423 /* Build configuration list for PBXProject "EmotionsRecognitionCoreML" */ = {
			isa = XCConfigurationList;
			buildConfigurations = (
				BD335E78207BFDDC000F7423 /* Debug */,
				BD335E79207BFDDC000F7423 /* Release */,
			);
			defaultConfigurationIsVisible = 0;
			defaultConfigurationName = Release;
		};
		BD335E7A207BFDDC000F7423 /* Build configuration list for PBXNativeTarget "EmotionsRecognitionCoreML" */ = {
			isa = XCConfigurationList;
			buildConfigurations = (
				BD335E7B207BFDDC000F7423 /* Debug */,
				BD335E7C207BFDDC000F7423 /* Release */,
			);
			defaultConfigurationIsVisible = 0;
			defaultConfigurationName = Release;
		};
		BD335E7D207BFDDC000F7423 /* Build configuration list for PBXNativeTarget "EmotionsRecognitionCoreMLTests" */ = {
			isa = XCConfigurationList;
			buildConfigurations = (
				BD335E7E207BFDDC000F7423 /* Debug */,
				BD335E7F207BFDDC000F7423 /* Release */,
			);
			defaultConfigurationIsVisible = 0;
			defaultConfigurationName = Release;
		};
		BD335E80207BFDDC000F7423 /* Build configuration list for PBXNativeTarget "EmotionsRecognitionCoreMLUITests" */ = {
			isa = XCConfigurationList;
			buildConfigurations = (
				BD335E81207BFDDC000F7423 /* Debug */,
				BD335E82207BFDDC000F7423 /* Release */,
			);
			defaultConfigurationIsVisible = 0;
			defaultConfigurationName = Release;
		};
/* End XCConfigurationList section */
	};
	rootObject = BD335E4A207BFDDA000F7423 /* Project object */;
}
